
Microsoft Visual Studio Solution File, Format Version 12.00
# Visual Studio 15
VisualStudioVersion = 15.0.28010.2036
MinimumVisualStudioVersion = 10.0.40219.1
Project("{FAE04EC0-301F-11D3-BF4B-00C04F79EFBC}") = "MyWebApi", "MyWebApi\MyWebApi.csproj", "{22DC676F-64BD-44EB-BF3E-6E11F73999D5}"
EndProject
Global
	GlobalSection(SolutionConfigurationPlatforms) = preSolution
		Debug|Any CPU = Debug|Any CPU
		Release|Any CPU = Release|Any CPU
	EndGlobalSection
	GlobalSection(ProjectConfigurationPlatforms) = postSolution
		{22DC676F-64BD-44EB-BF3E-6E11F73999D5}.Debug|Any CPU.ActiveCfg = Debug|Any CPU
		{22DC676F-64BD-44EB-BF3E-6E11F73999D5}.Debug|Any CPU.Build.0 = Debug|Any CPU
		{22DC676F-64BD-44EB-BF3E-6E11F73999D5}.Release|Any CPU.ActiveCfg = Release|Any CPU
		{22DC676F-64BD-44EB-BF3E-6E11F73999D5}.Release|Any CPU.Build.0 = Release|Any CPU
	EndGlobalSection
	GlobalSection(SolutionProperties) = preSolution
		HideSolutionNode = FALSE
	EndGlobalSection
	GlobalSection(ExtensibilityGlobals) = postSolution
		SolutionGuid = {73C74126-9550-49E1-9915-5F9C5C4E6584}
	EndGlobalSection
EndGlobal
